Microsoft Visual Studio Solution File, Format Version 11.00
# Visual Studio 2008

Project("{FD9160BB-D656-F75A-B74E-8935E4330D9E}") = "navigation", "Assembly-CSharp-firstpass.csproj", "{03B9D761-20AB-A582-3E94-C32E0AD478C3}"
EndProject
Project("{FD9160BB-D656-F75A-B74E-8935E4330D9E}") = "navigation", "Assembly-CSharp.csproj", "{DFF6587C-CE1E-0DDC-DF7F-3BA6D1C110C6}"
EndProject
Project("{FD9160BB-D656-F75A-B74E-8935E4330D9E}") = "navigation", "Assembly-CSharp-Editor.csproj", "{964B57F0-9BAC-8445-907D-9CC360C234E4}"
EndProject
Project("{FD9160BB-D656-F75A-B74E-8935E4330D9E}") = "navigation", "Assembly-UnityScript-firstpass.unityproj", "{1DEEF447-5770-D0F6-61D6-BFA300B73A13}"
EndProject
Global
	GlobalSection(SolutionConfigurationPlatforms) = preSolution
		Debug|Any CPU = Debug|Any CPU
		Release|Any CPU = Release|Any CPU
	EndGlobalSection
	GlobalSection(ProjectConfigurationPlatforms) = postSolution
		{03B9D761-20AB-A582-3E94-C32E0AD478C3}.Debug|Any CPU.ActiveCfg = Debug|Any CPU
		{03B9D761-20AB-A582-3E94-C32E0AD478C3}.Debug|Any CPU.Build.0 = Debug|Any CPU
		{03B9D761-20AB-A582-3E94-C32E0AD478C3}.Release|Any CPU.ActiveCfg = Release|Any CPU
		{03B9D761-20AB-A582-3E94-C32E0AD478C3}.Release|Any CPU.Build.0 = Release|Any CPU
		{DFF6587C-CE1E-0DDC-DF7F-3BA6D1C110C6}.Debug|Any CPU.ActiveCfg = Debug|Any CPU
		{DFF6587C-CE1E-0DDC-DF7F-3BA6D1C110C6}.Debug|Any CPU.Build.0 = Debug|Any CPU
		{DFF6587C-CE1E-0DDC-DF7F-3BA6D1C110C6}.Release|Any CPU.ActiveCfg = Release|Any CPU
		{DFF6587C-CE1E-0DDC-DF7F-3BA6D1C110C6}.Release|Any CPU.Build.0 = Release|Any CPU
		{964B57F0-9BAC-8445-907D-9CC360C234E4}.Debug|Any CPU.ActiveCfg = Debug|Any CPU
		{964B57F0-9BAC-8445-907D-9CC360C234E4}.Debug|Any CPU.Build.0 = Debug|Any CPU
		{964B57F0-9BAC-8445-907D-9CC360C234E4}.Release|Any CPU.ActiveCfg = Release|Any CPU
		{964B57F0-9BAC-8445-907D-9CC360C234E4}.Release|Any CPU.Build.0 = Release|Any CPU
		{1DEEF447-5770-D0F6-61D6-BFA300B73A13}.Debug|Any CPU.ActiveCfg = Debug|Any CPU
		{1DEEF447-5770-D0F6-61D6-BFA300B73A13}.Debug|Any CPU.Build.0 = Debug|Any CPU
		{1DEEF447-5770-D0F6-61D6-BFA300B73A13}.Release|Any CPU.ActiveCfg = Release|Any CPU
		{1DEEF447-5770-D0F6-61D6-BFA300B73A13}.Release|Any CPU.Build.0 = Release|Any CPU
	EndGlobalSection
	GlobalSection(SolutionProperties) = preSolution
		HideSolutionNode = FALSE
	EndGlobalSection
															GlobalSection(MonoDevelopProperties) = preSolution
		StartupItem = Assembly-CSharp.csproj
		Policies = $0
		$0.TextStylePolicy = $1
		$1.inheritsSet = null
		$1.scope = text/x-csharp
		$0.CSharpFormattingPolicy = $2
		$2.inheritsSet = Mono
		$2.inheritsScope = text/x-csharp
		$2.scope = text/x-csharp
		$0.TextStylePolicy = $3
		$3.FileWidth = 120
		$3.TabWidth = 4
		$3.EolMarker = Unix
		$3.inheritsSet = Mono
		$3.inheritsScope = text/plain
		$3.scope = text/plain
	EndGlobalSection

EndGlobal
